
Microsoft Visual Studio Solution File, Format Version 12.00
# Visual Studio Version 17
VisualStudioVersion = 17.4.33122.133
MinimumVisualStudioVersion = 10.0.40219.1
Project("{2150E333-8FDC-42A3-9474-1A3956D46DE8}") = "1-Domain", "1-Domain", "{C5B7DBD7-1A24-497D-9C3C-0CAB4E561764}"
EndProject
Project("{2150E333-8FDC-42A3-9474-1A3956D46DE8}") = "2-Infrastructure", "2-Infrastructure", "{1CD10253-F7C2-43F8-AC11-E5DDCA851F00}"
EndProject
Project("{2150E333-8FDC-42A3-9474-1A3956D46DE8}") = "3-EndPoint", "3-EndPoint", "{69CBA67E-635C-4DC7-8125-FC8120D2C0CF}"
EndProject
Project("{2150E333-8FDC-42A3-9474-1A3956D46DE8}") = "src", "src", "{04FC1FD5-E69F-4C21-9CCD-BE87743B1B9C}"
EndProject
Project("{2150E333-8FDC-42A3-9474-1A3956D46DE8}") = "Core", "Core", "{2B4C70EC-FC3D-4A1F-B448-81B939558FC2}"
EndProject
Project("{2150E333-8FDC-42A3-9474-1A3956D46DE8}") = "Service", "Service", "{511C14A1-CE6B-4F30-9205-EB8524C203DD}"
EndProject
Project("{FAE04EC0-301F-11D3-BF4B-00C04F79EFBC}") = "AppCore", "WebApplication1\src\1-Domain\Core\AooCore\AppCore.csproj", "{D680A28E-9C01-49B4-8B9D-6255ADCCA92F}"
EndProject
Project("{FAE04EC0-301F-11D3-BF4B-00C04F79EFBC}") = "App.Domain.AppService", "WebApplication1\src\1-Domain\Service\App.Domain.AppService\App.Domain.AppService.csproj", "{FD185C7F-0FFE-4BE0-A50E-CAD5E180F47B}"
EndProject
Project("{2150E333-8FDC-42A3-9474-1A3956D46DE8}") = "SqlDataBase", "SqlDataBase", "{3C6965B2-02F0-4CE3-BD1E-FB8B60CFC941}"
EndProject
Project("{2150E333-8FDC-42A3-9474-1A3956D46DE8}") = "Repository", "Repository", "{8D9AA97D-3216-4A98-A1FC-16A1B6F7ECDA}"
EndProject
Project("{FAE04EC0-301F-11D3-BF4B-00C04F79EFBC}") = "Repository", "WebApplication1\src\2-Infrastructure\Repository\Repository\Repository.csproj", "{99348B7C-7E08-4353-A4C2-F1E9189D524B}"
EndProject
Project("{FAE04EC0-301F-11D3-BF4B-00C04F79EFBC}") = "SqlDataBase", "WebApplication1\src\2-Infrastructure\SqlDataBase\SqlDataBase\SqlDataBase.csproj", "{87CA613E-2C92-437A-97DE-2B6429AA8206}"
EndProject
Project("{FAE04EC0-301F-11D3-BF4B-00C04F79EFBC}") = "App.EndPoint.MVC", "WebApplication1\src\EndPoint\App.EndPoint.MVC\App.EndPoint.MVC.csproj", "{5502F92F-FA1D-4959-B20D-399748DD4399}"
EndProject
Global
	GlobalSection(SolutionConfigurationPlatforms) = preSolution
		Debug|Any CPU = Debug|Any CPU
		Release|Any CPU = Release|Any CPU
	EndGlobalSection
	GlobalSection(ProjectConfigurationPlatforms) = postSolution
		{D680A28E-9C01-49B4-8B9D-6255ADCCA92F}.Debug|Any CPU.ActiveCfg = Debug|Any CPU
		{D680A28E-9C01-49B4-8B9D-6255ADCCA92F}.Debug|Any CPU.Build.0 = Debug|Any CPU
		{D680A28E-9C01-49B4-8B9D-6255ADCCA92F}.Release|Any CPU.ActiveCfg = Release|Any CPU
		{D680A28E-9C01-49B4-8B9D-6255ADCCA92F}.Release|Any CPU.Build.0 = Release|Any CPU
		{FD185C7F-0FFE-4BE0-A50E-CAD5E180F47B}.Debug|Any CPU.ActiveCfg = Debug|Any CPU
		{FD185C7F-0FFE-4BE0-A50E-CAD5E180F47B}.Debug|Any CPU.Build.0 = Debug|Any CPU
		{FD185C7F-0FFE-4BE0-A50E-CAD5E180F47B}.Release|Any CPU.ActiveCfg = Release|Any CPU
		{FD185C7F-0FFE-4BE0-A50E-CAD5E180F47B}.Release|Any CPU.Build.0 = Release|Any CPU
		{99348B7C-7E08-4353-A4C2-F1E9189D524B}.Debug|Any CPU.ActiveCfg = Debug|Any CPU
		{99348B7C-7E08-4353-A4C2-F1E9189D524B}.Debug|Any CPU.Build.0 = Debug|Any CPU
		{99348B7C-7E08-4353-A4C2-F1E9189D524B}.Release|Any CPU.ActiveCfg = Release|Any CPU
		{99348B7C-7E08-4353-A4C2-F1E9189D524B}.Release|Any CPU.Build.0 = Release|Any CPU
		{87CA613E-2C92-437A-97DE-2B6429AA8206}.Debug|Any CPU.ActiveCfg = Debug|Any CPU
		{87CA613E-2C92-437A-97DE-2B6429AA8206}.Debug|Any CPU.Build.0 = Debug|Any CPU
		{87CA613E-2C92-437A-97DE-2B6429AA8206}.Release|Any CPU.ActiveCfg = Release|Any CPU
		{87CA613E-2C92-437A-97DE-2B6429AA8206}.Release|Any CPU.Build.0 = Release|Any CPU
		{5502F92F-FA1D-4959-B20D-399748DD4399}.Debug|Any CPU.ActiveCfg = Debug|Any CPU
		{5502F92F-FA1D-4959-B20D-399748DD4399}.Debug|Any CPU.Build.0 = Debug|Any CPU
		{5502F92F-FA1D-4959-B20D-399748DD4399}.Release|Any CPU.ActiveCfg = Release|Any CPU
		{5502F92F-FA1D-4959-B20D-399748DD4399}.Release|Any CPU.Build.0 = Release|Any CPU
	EndGlobalSection
	GlobalSection(SolutionProperties) = preSolution
		HideSolutionNode = FALSE
	EndGlobalSection
	GlobalSection(NestedProjects) = preSolution
		{C5B7DBD7-1A24-497D-9C3C-0CAB4E561764} = {04FC1FD5-E69F-4C21-9CCD-BE87743B1B9C}
		{1CD10253-F7C2-43F8-AC11-E5DDCA851F00} = {04FC1FD5-E69F-4C21-9CCD-BE87743B1B9C}
		{69CBA67E-635C-4DC7-8125-FC8120D2C0CF} = {04FC1FD5-E69F-4C21-9CCD-BE87743B1B9C}
		{2B4C70EC-FC3D-4A1F-B448-81B939558FC2} = {C5B7DBD7-1A24-497D-9C3C-0CAB4E561764}
		{511C14A1-CE6B-4F30-9205-EB8524C203DD} = {C5B7DBD7-1A24-497D-9C3C-0CAB4E561764}
		{D680A28E-9C01-49B4-8B9D-6255ADCCA92F} = {2B4C70EC-FC3D-4A1F-B448-81B939558FC2}
		{FD185C7F-0FFE-4BE0-A50E-CAD5E180F47B} = {511C14A1-CE6B-4F30-9205-EB8524C203DD}
		{3C6965B2-02F0-4CE3-BD1E-FB8B60CFC941} = {1CD10253-F7C2-43F8-AC11-E5DDCA851F00}
		{8D9AA97D-3216-4A98-A1FC-16A1B6F7ECDA} = {1CD10253-F7C2-43F8-AC11-E5DDCA851F00}
		{99348B7C-7E08-4353-A4C2-F1E9189D524B} = {8D9AA97D-3216-4A98-A1FC-16A1B6F7ECDA}
		{87CA613E-2C92-437A-97DE-2B6429AA8206} = {3C6965B2-02F0-4CE3-BD1E-FB8B60CFC941}
		{5502F92F-FA1D-4959-B20D-399748DD4399} = {69CBA67E-635C-4DC7-8125-FC8120D2C0CF}
	EndGlobalSection
	GlobalSection(ExtensibilityGlobals) = postSolution
		SolutionGuid = {7864D7B8-9F5E-4E43-8752-1098471298FF}
	EndGlobalSection
EndGlobal
